
Microsoft Visual Studio Solution File, Format Version 12.00
# Visual Studio Version 17
VisualStudioVersion = 17.0.32014.148
MinimumVisualStudioVersion = 10.0.40219.1
Project("{9A19103F-16F7-4668-BE54-9A1E7A4F7556}") = "Andy.X.Template", "Andy.X.Template.csproj", "{0FB6A97A-E6A2-4BC0-BFF9-DFF298784835}"
EndProject
Global
	GlobalSection(SolutionConfigurationPlatforms) = preSolution
		Debug|Any CPU = Debug|Any CPU
		Release|Any CPU = Release|Any CPU
	EndGlobalSection
	GlobalSection(ProjectConfigurationPlatforms) = postSolution
		{0FB6A97A-E6A2-4BC0-BFF9-DFF298784835}.Debug|Any CPU.ActiveCfg = Debug|Any CPU
		{0FB6A97A-E6A2-4BC0-BFF9-DFF298784835}.Debug|Any CPU.Build.0 = Debug|Any CPU
		{0FB6A97A-E6A2-4BC0-BFF9-DFF298784835}.Release|Any CPU.ActiveCfg = Release|Any CPU
		{0FB6A97A-E6A2-4BC0-BFF9-DFF298784835}.Release|Any CPU.Build.0 = Release|Any CPU
	EndGlobalSection
	GlobalSection(SolutionProperties) = preSolution
		HideSolutionNode = FALSE
	EndGlobalSection
	GlobalSection(ExtensibilityGlobals) = postSolution
		SolutionGuid = {5A05AD7D-9312-4CB5-A79A-D489203BBAB3}
	EndGlobalSection
EndGlobal
